
Microsoft Visual Studio Solution File, Format Version 12.00
# Visual Studio Version 16
VisualStudioVersion = 16.0.31129.286
MinimumVisualStudioVersion = 10.0.40219.1
Project("{FAE04EC0-301F-11D3-BF4B-00C04F79EFBC}") = "HistoryDataSample", "HistoryDataSample.csproj", "{9DB9D71A-355A-44CF-9742-7AFAF0272486}"
EndProject
Global
	GlobalSection(SolutionConfigurationPlatforms) = preSolution
		Debug|Any CPU = Debug|Any CPU
		Debug|x86 = Debug|x86
		Release|Any CPU = Release|Any CPU
		Release|x86 = Release|x86
	EndGlobalSection
	GlobalSection(ProjectConfigurationPlatforms) = postSolution
		{9DB9D71A-355A-44CF-9742-7AFAF0272486}.Debug|Any CPU.ActiveCfg = Debug|Any CPU
		{9DB9D71A-355A-44CF-9742-7AFAF0272486}.Debug|Any CPU.Build.0 = Debug|Any CPU
		{9DB9D71A-355A-44CF-9742-7AFAF0272486}.Debug|x86.ActiveCfg = Debug|x86
		{9DB9D71A-355A-44CF-9742-7AFAF0272486}.Debug|x86.Build.0 = Debug|x86
		{9DB9D71A-355A-44CF-9742-7AFAF0272486}.Release|Any CPU.ActiveCfg = Release|Any CPU
		{9DB9D71A-355A-44CF-9742-7AFAF0272486}.Release|Any CPU.Build.0 = Release|Any CPU
		{9DB9D71A-355A-44CF-9742-7AFAF0272486}.Release|x86.ActiveCfg = Release|x86
		{9DB9D71A-355A-44CF-9742-7AFAF0272486}.Release|x86.Build.0 = Release|x86
	EndGlobalSection
	GlobalSection(SolutionProperties) = preSolution
		HideSolutionNode = FALSE
	EndGlobalSection
	GlobalSection(ExtensibilityGlobals) = postSolution
		SolutionGuid = {8F809C9C-EF34-4590-8E0F-E23206A7801E}
	EndGlobalSection
EndGlobal
